Microsoft Visual Studio Solution File, Format Version 11.00
# Visual Studio 2008

Project("{79C6AAD4-0412-F9AD-7DF9-8AAA19A937F9}") = "AssetBundleTest", "Assembly-CSharp.csproj", "{605A90DE-3C63-1B71-CFDF-788830709A24}"
EndProject
Project("{79C6AAD4-0412-F9AD-7DF9-8AAA19A937F9}") = "AssetBundleTest", "Assembly-CSharp-Editor.csproj", "{62FC3F9C-51E8-96F9-10C0-34586FA9E828}"
EndProject
Project("{79C6AAD4-0412-F9AD-7DF9-8AAA19A937F9}") = "AssetBundleTest", "Assembly-UnityScript.unityproj", "{F28DA6B2-06F4-ED4D-EBAD-2FB68CA00DA4}"
EndProject
Global
	GlobalSection(SolutionConfigurationPlatforms) = preSolution
		Debug|Any CPU = Debug|Any CPU
		Release|Any CPU = Release|Any CPU
	EndGlobalSection
	GlobalSection(ProjectConfigurationPlatforms) = postSolution
		{605A90DE-3C63-1B71-CFDF-788830709A24}.Debug|Any CPU.ActiveCfg = Debug|Any CPU
		{605A90DE-3C63-1B71-CFDF-788830709A24}.Debug|Any CPU.Build.0 = Debug|Any CPU
		{605A90DE-3C63-1B71-CFDF-788830709A24}.Release|Any CPU.ActiveCfg = Release|Any CPU
		{605A90DE-3C63-1B71-CFDF-788830709A24}.Release|Any CPU.Build.0 = Release|Any CPU
		{62FC3F9C-51E8-96F9-10C0-34586FA9E828}.Debug|Any CPU.ActiveCfg = Debug|Any CPU
		{62FC3F9C-51E8-96F9-10C0-34586FA9E828}.Debug|Any CPU.Build.0 = Debug|Any CPU
		{62FC3F9C-51E8-96F9-10C0-34586FA9E828}.Release|Any CPU.ActiveCfg = Release|Any CPU
		{62FC3F9C-51E8-96F9-10C0-34586FA9E828}.Release|Any CPU.Build.0 = Release|Any CPU
		{F28DA6B2-06F4-ED4D-EBAD-2FB68CA00DA4}.Debug|Any CPU.ActiveCfg = Debug|Any CPU
		{F28DA6B2-06F4-ED4D-EBAD-2FB68CA00DA4}.Debug|Any CPU.Build.0 = Debug|Any CPU
		{F28DA6B2-06F4-ED4D-EBAD-2FB68CA00DA4}.Release|Any CPU.ActiveCfg = Release|Any CPU
		{F28DA6B2-06F4-ED4D-EBAD-2FB68CA00DA4}.Release|Any CPU.Build.0 = Release|Any CPU
	EndGlobalSection
	GlobalSection(SolutionProperties) = preSolution
		HideSolutionNode = FALSE
	EndGlobalSection
			GlobalSection(MonoDevelopProperties) = preSolution
		StartupItem = Assembly-CSharp.csproj
		Policies = $0
		$0.TextStylePolicy = $1
		$1.inheritsSet = null
		$1.scope = text/x-csharp
		$0.CSharpFormattingPolicy = $2
		$2.inheritsSet = Mono
		$2.inheritsScope = text/x-csharp
		$2.scope = text/x-csharp
		$0.TextStylePolicy = $3
		$3.FileWidth = 120
		$3.TabWidth = 4
		$3.EolMarker = Unix
		$3.inheritsSet = Mono
		$3.inheritsScope = text/plain
		$3.scope = text/plain
	EndGlobalSection

EndGlobal
